
Microsoft Visual Studio Solution File, Format Version 12.00
# Visual Studio Version 17
VisualStudioVersion = 17.10.34916.146
MinimumVisualStudioVersion = 10.0.40219.1
Project("{9A19103F-16F7-4668-BE54-9A1E7A4F7556}") = "AcortadorURL", "AcortadorURL\AcortadorURL.csproj", "{6F558632-0B64-40A6-BBB2-B75D39E6D0E4}"
EndProject
Project("{FAE04EC0-301F-11D3-BF4B-00C04F79EFBC}") = "TestingAcortadorURL", "TestingAcortadorURL\TestingAcortadorURL.csproj", "{0385C154-52CB-438C-AF2C-3647E8333ABA}"
EndProject
Global
	GlobalSection(SolutionConfigurationPlatforms) = preSolution
		Debug|Any CPU = Debug|Any CPU
		Release|Any CPU = Release|Any CPU
	EndGlobalSection
	GlobalSection(ProjectConfigurationPlatforms) = postSolution
		{6F558632-0B64-40A6-BBB2-B75D39E6D0E4}.Debug|Any CPU.ActiveCfg = Debug|Any CPU
		{6F558632-0B64-40A6-BBB2-B75D39E6D0E4}.Debug|Any CPU.Build.0 = Debug|Any CPU
		{6F558632-0B64-40A6-BBB2-B75D39E6D0E4}.Release|Any CPU.ActiveCfg = Release|Any CPU
		{6F558632-0B64-40A6-BBB2-B75D39E6D0E4}.Release|Any CPU.Build.0 = Release|Any CPU
		{0385C154-52CB-438C-AF2C-3647E8333ABA}.Debug|Any CPU.ActiveCfg = Debug|Any CPU
		{0385C154-52CB-438C-AF2C-3647E8333ABA}.Debug|Any CPU.Build.0 = Debug|Any CPU
		{0385C154-52CB-438C-AF2C-3647E8333ABA}.Release|Any CPU.ActiveCfg = Release|Any CPU
		{0385C154-52CB-438C-AF2C-3647E8333ABA}.Release|Any CPU.Build.0 = Release|Any CPU
	EndGlobalSection
	GlobalSection(SolutionProperties) = preSolution
		HideSolutionNode = FALSE
	EndGlobalSection
	GlobalSection(ExtensibilityGlobals) = postSolution
		SolutionGuid = {98CBC30F-1B12-4837-99F9-743C0FF2A49B}
	EndGlobalSection
EndGlobal
